
Microsoft Visual Studio Solution File, Format Version 12.00
# Visual Studio Version 16
VisualStudioVersion = 16.0.31624.102
MinimumVisualStudioVersion = 10.0.40219.1
Project("{FAE04EC0-301F-11D3-BF4B-00C04F79EFBC}") = "Calculator", "Calculator.csproj", "{30162E9B-15C4-4156-9394-5A0D2B3EEA98}"
EndProject
Global
	GlobalSection(SolutionConfigurationPlatforms) = preSolution
		Debug|Any CPU = Debug|Any CPU
		Release|Any CPU = Release|Any CPU
	EndGlobalSection
	GlobalSection(ProjectConfigurationPlatforms) = postSolution
		{30162E9B-15C4-4156-9394-5A0D2B3EEA98}.Debug|Any CPU.ActiveCfg = Debug|Any CPU
		{30162E9B-15C4-4156-9394-5A0D2B3EEA98}.Debug|Any CPU.Build.0 = Debug|Any CPU
		{30162E9B-15C4-4156-9394-5A0D2B3EEA98}.Release|Any CPU.ActiveCfg = Release|Any CPU
		{30162E9B-15C4-4156-9394-5A0D2B3EEA98}.Release|Any CPU.Build.0 = Release|Any CPU
	EndGlobalSection
	GlobalSection(SolutionProperties) = preSolution
		HideSolutionNode = FALSE
	EndGlobalSection
	GlobalSection(ExtensibilityGlobals) = postSolution
		SolutionGuid = {54C25B24-EA2E-4AE4-B0C4-548C5B2A2E31}
	EndGlobalSection
EndGlobal
